
Microsoft Visual Studio Solution File, Format Version 12.00
Project("{FAE04EC0-301F-11D3-BF4B-00C04F79EFBC}") = "Core", "Src\Core\Core.csproj", "{EA61252E-97E9-4C3C-8D62-64C74DA65A9D}"
EndProject
Global
	GlobalSection(SolutionConfigurationPlatforms) = preSolution
		Debug|Any CPU = Debug|Any CPU
		Release|Any CPU = Release|Any CPU
	EndGlobalSection
	GlobalSection(ProjectConfigurationPlatforms) = postSolution
		{EA61252E-97E9-4C3C-8D62-64C74DA65A9D}.Debug|Any CPU.ActiveCfg = Debug|Any CPU
		{EA61252E-97E9-4C3C-8D62-64C74DA65A9D}.Debug|Any CPU.Build.0 = Debug|Any CPU
		{EA61252E-97E9-4C3C-8D62-64C74DA65A9D}.Release|Any CPU.ActiveCfg = Release|Any CPU
		{EA61252E-97E9-4C3C-8D62-64C74DA65A9D}.Release|Any CPU.Build.0 = Release|Any CPU
	EndGlobalSection
EndGlobal
