
Microsoft Visual Studio Solution File, Format Version 12.00
Project("{FAE04EC0-301F-11D3-BF4B-00C04F79EFBC}") = "WebAPI", "Src\WebAPI\WebAPI.csproj", "{EA61252E-97E9-4C3C-8D62-64C74DA65A9D}"
EndProject
Project("{FAE04EC0-301F-11D3-BF4B-00C04F79EFBC}") = "Domain", "Src\Domain\Domain.csproj", "{0D3D43BB-DB36-4BA3-A877-794256BBF580}"
EndProject
Project("{FAE04EC0-301F-11D3-BF4B-00C04F79EFBC}") = "Types", "Src\Types\Types.csproj", "{D776DBD3-46E1-46E1-BCFE-A376F929E75C}"
EndProject
Project("{FAE04EC0-301F-11D3-BF4B-00C04F79EFBC}") = "CQRS", "Src\CQRS\CQRS.csproj", "{C450DA3E-CE00-489C-B345-5C7AB9AB40D9}"
EndProject
Project("{FAE04EC0-301F-11D3-BF4B-00C04F79EFBC}") = "Shared", "Src\Shared\Shared.csproj", "{0424B3B6-29F6-4E63-8A57-5180D14C2D25}"
EndProject
Project("{FAE04EC0-301F-11D3-BF4B-00C04F79EFBC}") = "Forge", "Src\Forge\Forge.csproj", "{1BE70AE2-8CC9-4304-A8CD-FEF3F9DF193A}"
EndProject
Project("{FAE04EC0-301F-11D3-BF4B-00C04F79EFBC}") = "Commands", "Src\Commands\Commands.csproj", "{B35DCD9A-3AE4-4DC6-AAD0-1F505901EFA7}"
EndProject
Project("{2150E333-8FDC-42A3-9474-1A3956D46DE8}") = "Tests", "Tests", "{2E4C87B0-CCE1-4DD8-B76D-4FE09694595C}"
EndProject
Project("{FAE04EC0-301F-11D3-BF4B-00C04F79EFBC}") = "CQRS.Tests", "Tests\CQRS.Tests\CQRS.Tests.csproj", "{F9A67EC7-3C49-4EB6-8D5C-87F482B044E4}"
EndProject
Project("{2150E333-8FDC-42A3-9474-1A3956D46DE8}") = "Integration", "Integration", "{3291982C-278B-4B53-966C-A4F932E2BB00}"
EndProject
Global
	GlobalSection(SolutionConfigurationPlatforms) = preSolution
		Debug|Any CPU = Debug|Any CPU
		Release|Any CPU = Release|Any CPU
	EndGlobalSection
	GlobalSection(ProjectConfigurationPlatforms) = postSolution
		{EA61252E-97E9-4C3C-8D62-64C74DA65A9D}.Debug|Any CPU.ActiveCfg = Debug|Any CPU
		{EA61252E-97E9-4C3C-8D62-64C74DA65A9D}.Debug|Any CPU.Build.0 = Debug|Any CPU
		{EA61252E-97E9-4C3C-8D62-64C74DA65A9D}.Release|Any CPU.ActiveCfg = Release|Any CPU
		{EA61252E-97E9-4C3C-8D62-64C74DA65A9D}.Release|Any CPU.Build.0 = Release|Any CPU
		{0D3D43BB-DB36-4BA3-A877-794256BBF580}.Debug|Any CPU.ActiveCfg = Debug|Any CPU
		{0D3D43BB-DB36-4BA3-A877-794256BBF580}.Debug|Any CPU.Build.0 = Debug|Any CPU
		{0D3D43BB-DB36-4BA3-A877-794256BBF580}.Release|Any CPU.ActiveCfg = Release|Any CPU
		{0D3D43BB-DB36-4BA3-A877-794256BBF580}.Release|Any CPU.Build.0 = Release|Any CPU
		{D776DBD3-46E1-46E1-BCFE-A376F929E75C}.Debug|Any CPU.ActiveCfg = Debug|Any CPU
		{D776DBD3-46E1-46E1-BCFE-A376F929E75C}.Debug|Any CPU.Build.0 = Debug|Any CPU
		{D776DBD3-46E1-46E1-BCFE-A376F929E75C}.Release|Any CPU.ActiveCfg = Release|Any CPU
		{D776DBD3-46E1-46E1-BCFE-A376F929E75C}.Release|Any CPU.Build.0 = Release|Any CPU
		{C450DA3E-CE00-489C-B345-5C7AB9AB40D9}.Debug|Any CPU.ActiveCfg = Debug|Any CPU
		{C450DA3E-CE00-489C-B345-5C7AB9AB40D9}.Debug|Any CPU.Build.0 = Debug|Any CPU
		{C450DA3E-CE00-489C-B345-5C7AB9AB40D9}.Release|Any CPU.ActiveCfg = Release|Any CPU
		{C450DA3E-CE00-489C-B345-5C7AB9AB40D9}.Release|Any CPU.Build.0 = Release|Any CPU
		{0424B3B6-29F6-4E63-8A57-5180D14C2D25}.Debug|Any CPU.ActiveCfg = Debug|Any CPU
		{0424B3B6-29F6-4E63-8A57-5180D14C2D25}.Debug|Any CPU.Build.0 = Debug|Any CPU
		{0424B3B6-29F6-4E63-8A57-5180D14C2D25}.Release|Any CPU.ActiveCfg = Release|Any CPU
		{0424B3B6-29F6-4E63-8A57-5180D14C2D25}.Release|Any CPU.Build.0 = Release|Any CPU
		{1BE70AE2-8CC9-4304-A8CD-FEF3F9DF193A}.Debug|Any CPU.ActiveCfg = Debug|Any CPU
		{1BE70AE2-8CC9-4304-A8CD-FEF3F9DF193A}.Debug|Any CPU.Build.0 = Debug|Any CPU
		{1BE70AE2-8CC9-4304-A8CD-FEF3F9DF193A}.Release|Any CPU.ActiveCfg = Release|Any CPU
		{1BE70AE2-8CC9-4304-A8CD-FEF3F9DF193A}.Release|Any CPU.Build.0 = Release|Any CPU
		{B35DCD9A-3AE4-4DC6-AAD0-1F505901EFA7}.Debug|Any CPU.ActiveCfg = Debug|Any CPU
		{B35DCD9A-3AE4-4DC6-AAD0-1F505901EFA7}.Debug|Any CPU.Build.0 = Debug|Any CPU
		{B35DCD9A-3AE4-4DC6-AAD0-1F505901EFA7}.Release|Any CPU.ActiveCfg = Release|Any CPU
		{B35DCD9A-3AE4-4DC6-AAD0-1F505901EFA7}.Release|Any CPU.Build.0 = Release|Any CPU
		{F9A67EC7-3C49-4EB6-8D5C-87F482B044E4}.Debug|Any CPU.ActiveCfg = Debug|Any CPU
		{F9A67EC7-3C49-4EB6-8D5C-87F482B044E4}.Debug|Any CPU.Build.0 = Debug|Any CPU
		{F9A67EC7-3C49-4EB6-8D5C-87F482B044E4}.Release|Any CPU.ActiveCfg = Release|Any CPU
		{F9A67EC7-3C49-4EB6-8D5C-87F482B044E4}.Release|Any CPU.Build.0 = Release|Any CPU
	EndGlobalSection
	GlobalSection(NestedProjects) = preSolution
		{3291982C-278B-4B53-966C-A4F932E2BB00} = {2E4C87B0-CCE1-4DD8-B76D-4FE09694595C}
		{F9A67EC7-3C49-4EB6-8D5C-87F482B044E4} = {3291982C-278B-4B53-966C-A4F932E2BB00}
	EndGlobalSection
EndGlobal
